
Microsoft Visual Studio Solution File, Format Version 12.00
# Visual Studio Version 17
VisualStudioVersion = 17.9.34728.123
MinimumVisualStudioVersion = 10.0.40219.1
Project("{8BC9CEB8-8B4A-11D0-8D11-00A0C91BC942}") = "AzureFlare", "AzureFlare\AzureFlare.vcxproj", "{FEC1E9E7-FE27-4493-9565-393EC7EE1A59}"
EndProject
Global
	GlobalSection(SolutionConfigurationPlatforms) = preSolution
		Debug|x86 = Debug|x86
		Release|x86 = Release|x86
	EndGlobalSection
	GlobalSection(ProjectConfigurationPlatforms) = postSolution
		{FEC1E9E7-FE27-4493-9565-393EC7EE1A59}.Debug|x86.ActiveCfg = Debug|Win32
		{FEC1E9E7-FE27-4493-9565-393EC7EE1A59}.Debug|x86.Build.0 = Debug|Win32
		{FEC1E9E7-FE27-4493-9565-393EC7EE1A59}.Release|x86.ActiveCfg = Release|Win32
		{FEC1E9E7-FE27-4493-9565-393EC7EE1A59}.Release|x86.Build.0 = Release|Win32
	EndGlobalSection
	GlobalSection(SolutionProperties) = preSolution
		HideSolutionNode = FALSE
	EndGlobalSection
	GlobalSection(ExtensibilityGlobals) = postSolution
		SolutionGuid = {A18DCF50-0CAC-4F60-BCDB-921C693E9286}
	EndGlobalSection
EndGlobal
